
Microsoft Visual Studio Solution File, Format Version 12.00
# Visual Studio 15
VisualStudioVersion = 15.0.27428.2005
MinimumVisualStudioVersion = 10.0.40219.1
Project("{FAE04EC0-301F-11D3-BF4B-00C04F79EFBC}") = "NTier2012", "Share\NTier2012.csproj", "{BDA3EE98-72C6-4867-97F8-559B83F9E373}"
EndProject
Global
	GlobalSection(SolutionConfigurationPlatforms) = preSolution
		Debug|Any CPU = Debug|Any CPU
		Release|Any CPU = Release|Any CPU
	EndGlobalSection
	GlobalSection(ProjectConfigurationPlatforms) = postSolution
		{BDA3EE98-72C6-4867-97F8-559B83F9E373}.Debug|Any CPU.ActiveCfg = Debug|Any CPU
		{BDA3EE98-72C6-4867-97F8-559B83F9E373}.Debug|Any CPU.Build.0 = Debug|Any CPU
		{BDA3EE98-72C6-4867-97F8-559B83F9E373}.Release|Any CPU.ActiveCfg = Release|Any CPU
		{BDA3EE98-72C6-4867-97F8-559B83F9E373}.Release|Any CPU.Build.0 = Release|Any CPU
	EndGlobalSection
	GlobalSection(SolutionProperties) = preSolution
		HideSolutionNode = FALSE
	EndGlobalSection
	GlobalSection(ExtensibilityGlobals) = postSolution
		SolutionGuid = {FD257FC4-F64A-4034-8D2E-D028BF50ABA3}
	EndGlobalSection
EndGlobal
