
Microsoft Visual Studio Solution File, Format Version 12.00
# Visual Studio 15
VisualStudioVersion = 15.0.27428.2005
MinimumVisualStudioVersion = 10.0.40219.1
Project("{FAE04EC0-301F-11D3-BF4B-00C04F79EFBC}") = "RecipeHost", "RecipeHost\RecipeHost.csproj", "{C7F65C28-EDAA-43B3-9464-E08D8F345C4F}"
EndProject
Project("{FAE04EC0-301F-11D3-BF4B-00C04F79EFBC}") = "RecipeShare", "RecipeShare\RecipeShare.csproj", "{225AB049-017C-49AD-B082-B992DDF88D80}"
EndProject
Project("{FAE04EC0-301F-11D3-BF4B-00C04F79EFBC}") = "RecipeService", "RecipeService\RecipeService.csproj", "{ECDF466B-8CCF-4DB0-BF10-2F0903CC119F}"
EndProject
Project("{FAE04EC0-301F-11D3-BF4B-00C04F79EFBC}") = "RecipeClient", "RecipeClient\RecipeClient.csproj", "{08329E19-E4D7-408B-B9AE-5A3443BCA448}"
	ProjectSection(ProjectDependencies) = postProject
		{ECDF466B-8CCF-4DB0-BF10-2F0903CC119F} = {ECDF466B-8CCF-4DB0-BF10-2F0903CC119F}
	EndProjectSection
EndProject
Global
	GlobalSection(SolutionConfigurationPlatforms) = preSolution
		Debug|Any CPU = Debug|Any CPU
		Release|Any CPU = Release|Any CPU
	EndGlobalSection
	GlobalSection(ProjectConfigurationPlatforms) = postSolution
		{C7F65C28-EDAA-43B3-9464-E08D8F345C4F}.Debug|Any CPU.ActiveCfg = Debug|Any CPU
		{C7F65C28-EDAA-43B3-9464-E08D8F345C4F}.Debug|Any CPU.Build.0 = Debug|Any CPU
		{C7F65C28-EDAA-43B3-9464-E08D8F345C4F}.Release|Any CPU.ActiveCfg = Release|Any CPU
		{C7F65C28-EDAA-43B3-9464-E08D8F345C4F}.Release|Any CPU.Build.0 = Release|Any CPU
		{225AB049-017C-49AD-B082-B992DDF88D80}.Debug|Any CPU.ActiveCfg = Debug|Any CPU
		{225AB049-017C-49AD-B082-B992DDF88D80}.Debug|Any CPU.Build.0 = Debug|Any CPU
		{225AB049-017C-49AD-B082-B992DDF88D80}.Release|Any CPU.ActiveCfg = Release|Any CPU
		{225AB049-017C-49AD-B082-B992DDF88D80}.Release|Any CPU.Build.0 = Release|Any CPU
		{ECDF466B-8CCF-4DB0-BF10-2F0903CC119F}.Debug|Any CPU.ActiveCfg = Debug|Any CPU
		{ECDF466B-8CCF-4DB0-BF10-2F0903CC119F}.Debug|Any CPU.Build.0 = Debug|Any CPU
		{ECDF466B-8CCF-4DB0-BF10-2F0903CC119F}.Release|Any CPU.ActiveCfg = Release|Any CPU
		{ECDF466B-8CCF-4DB0-BF10-2F0903CC119F}.Release|Any CPU.Build.0 = Release|Any CPU
		{08329E19-E4D7-408B-B9AE-5A3443BCA448}.Debug|Any CPU.ActiveCfg = Debug|Any CPU
		{08329E19-E4D7-408B-B9AE-5A3443BCA448}.Debug|Any CPU.Build.0 = Debug|Any CPU
		{08329E19-E4D7-408B-B9AE-5A3443BCA448}.Release|Any CPU.ActiveCfg = Release|Any CPU
		{08329E19-E4D7-408B-B9AE-5A3443BCA448}.Release|Any CPU.Build.0 = Release|Any CPU
	EndGlobalSection
	GlobalSection(SolutionProperties) = preSolution
		HideSolutionNode = FALSE
	EndGlobalSection
	GlobalSection(ExtensibilityGlobals) = postSolution
		SolutionGuid = {6A1E8763-63F6-478C-B125-84E7B1627AB1}
	EndGlobalSection
EndGlobal
