
Microsoft Visual Studio Solution File, Format Version 11.00
# Visual Studio 2010
Project("{FAE04EC0-301F-11D3-BF4B-00C04F79EFBC}") = "DateTimeManager", "DateTimeManager\DateTimeManager.csproj", "{344C7CC3-FF55-4E5F-8ACA-27FF7325122F}"
	ProjectSection(ProjectDependencies) = postProject
		{13056930-3C15-462A-8D7E-27A7CDDC318E} = {13056930-3C15-462A-8D7E-27A7CDDC318E}
	EndProjectSection
EndProject
Project("{E24C65DC-7377-472B-9ABA-BC803B73C61A}") = "DateTimeWebSite", "..\..\WebSites\DateTimeWebSite\", "{13056930-3C15-462A-8D7E-27A7CDDC318E}"
	ProjectSection(WebsiteProperties) = preProject
		TargetFrameworkMoniker = ".NETFramework,Version%3Dv3.5"
		Debug.AspNetCompiler.VirtualPath = "/DateTimeWebSite"
		Debug.AspNetCompiler.PhysicalPath = "..\..\WebSites\DateTimeWebSite\"
		Debug.AspNetCompiler.TargetPath = "PrecompiledWeb\DateTimeWebSite\"
		Debug.AspNetCompiler.Updateable = "true"
		Debug.AspNetCompiler.ForceOverwrite = "true"
		Debug.AspNetCompiler.FixedNames = "false"
		Debug.AspNetCompiler.Debug = "True"
		Release.AspNetCompiler.VirtualPath = "/DateTimeWebSite"
		Release.AspNetCompiler.PhysicalPath = "..\..\WebSites\DateTimeWebSite\"
		Release.AspNetCompiler.TargetPath = "PrecompiledWeb\DateTimeWebSite\"
		Release.AspNetCompiler.Updateable = "true"
		Release.AspNetCompiler.ForceOverwrite = "true"
		Release.AspNetCompiler.FixedNames = "false"
		Release.AspNetCompiler.Debug = "False"
		VWDPort = "10133"
		DefaultWebSiteLanguage = "Visual C#"
	EndProjectSection
EndProject
Global
	GlobalSection(SolutionConfigurationPlatforms) = preSolution
		Debug|Any CPU = Debug|Any CPU
		Debug|Mixed Platforms = Debug|Mixed Platforms
		Debug|x86 = Debug|x86
		Release|Any CPU = Release|Any CPU
		Release|Mixed Platforms = Release|Mixed Platforms
		Release|x86 = Release|x86
	EndGlobalSection
	GlobalSection(ProjectConfigurationPlatforms) = postSolution
		{344C7CC3-FF55-4E5F-8ACA-27FF7325122F}.Debug|Any CPU.ActiveCfg = Debug|x86
		{344C7CC3-FF55-4E5F-8ACA-27FF7325122F}.Debug|Mixed Platforms.ActiveCfg = Debug|x86
		{344C7CC3-FF55-4E5F-8ACA-27FF7325122F}.Debug|Mixed Platforms.Build.0 = Debug|x86
		{344C7CC3-FF55-4E5F-8ACA-27FF7325122F}.Debug|x86.ActiveCfg = Debug|x86
		{344C7CC3-FF55-4E5F-8ACA-27FF7325122F}.Debug|x86.Build.0 = Debug|x86
		{344C7CC3-FF55-4E5F-8ACA-27FF7325122F}.Release|Any CPU.ActiveCfg = Release|x86
		{344C7CC3-FF55-4E5F-8ACA-27FF7325122F}.Release|Mixed Platforms.ActiveCfg = Release|x86
		{344C7CC3-FF55-4E5F-8ACA-27FF7325122F}.Release|Mixed Platforms.Build.0 = Release|x86
		{344C7CC3-FF55-4E5F-8ACA-27FF7325122F}.Release|x86.ActiveCfg = Release|x86
		{344C7CC3-FF55-4E5F-8ACA-27FF7325122F}.Release|x86.Build.0 = Release|x86
		{13056930-3C15-462A-8D7E-27A7CDDC318E}.Debug|Any CPU.ActiveCfg = Debug|Any CPU
		{13056930-3C15-462A-8D7E-27A7CDDC318E}.Debug|Any CPU.Build.0 = Debug|Any CPU
		{13056930-3C15-462A-8D7E-27A7CDDC318E}.Debug|Mixed Platforms.ActiveCfg = Debug|Any CPU
		{13056930-3C15-462A-8D7E-27A7CDDC318E}.Debug|Mixed Platforms.Build.0 = Debug|Any CPU
		{13056930-3C15-462A-8D7E-27A7CDDC318E}.Debug|x86.ActiveCfg = Debug|Any CPU
		{13056930-3C15-462A-8D7E-27A7CDDC318E}.Release|Any CPU.ActiveCfg = Debug|Any CPU
		{13056930-3C15-462A-8D7E-27A7CDDC318E}.Release|Any CPU.Build.0 = Debug|Any CPU
		{13056930-3C15-462A-8D7E-27A7CDDC318E}.Release|Mixed Platforms.ActiveCfg = Debug|Any CPU
		{13056930-3C15-462A-8D7E-27A7CDDC318E}.Release|Mixed Platforms.Build.0 = Debug|Any CPU
		{13056930-3C15-462A-8D7E-27A7CDDC318E}.Release|x86.ActiveCfg = Debug|Any CPU
	EndGlobalSection
	GlobalSection(SolutionProperties) = preSolution
		HideSolutionNode = FALSE
	EndGlobalSection
EndGlobal
