
Microsoft Visual Studio Solution File, Format Version 12.00
# Visual Studio 15
VisualStudioVersion = 15.0.27428.2005
MinimumVisualStudioVersion = 10.0.40219.1
Project("{9A19103F-16F7-4668-BE54-9A1E7A4F7556}") = "LibraryManager", "LibraryManager\LibraryManager.csproj", "{6CA56C49-55EC-4449-AD85-F1060A9DEDAD}"
EndProject
Project("{9A19103F-16F7-4668-BE54-9A1E7A4F7556}") = "LibrarianClient", "LibrarianClient\LibrarianClient.csproj", "{F13520E0-F16F-4FC9-B4BF-9D228777A1EE}"
EndProject
Project("{9A19103F-16F7-4668-BE54-9A1E7A4F7556}") = "SubscriberClient", "SubscriberClient\SubscriberClient.csproj", "{7E3059A1-6F27-4640-90F4-BF91C0B4E5C1}"
EndProject
Project("{9A19103F-16F7-4668-BE54-9A1E7A4F7556}") = "TestClient", "TestClient\TestClient.csproj", "{4854D0B2-55E3-46C6-803C-892F38ACBCD4}"
EndProject
Project("{00D1A9C2-B5F0-4AF3-8072-F6C62B433612}") = "LibraryDataBase", "LibraryDataBase\LibraryDataBase.sqlproj", "{DE7D36A3-C311-490C-A16E-D29249F101A1}"
EndProject
Global
	GlobalSection(SolutionConfigurationPlatforms) = preSolution
		Debug|Any CPU = Debug|Any CPU
		Debug|Mixed Platforms = Debug|Mixed Platforms
		Debug|x86 = Debug|x86
		Release|Any CPU = Release|Any CPU
		Release|Mixed Platforms = Release|Mixed Platforms
		Release|x86 = Release|x86
	EndGlobalSection
	GlobalSection(ProjectConfigurationPlatforms) = postSolution
		{6CA56C49-55EC-4449-AD85-F1060A9DEDAD}.Debug|Any CPU.ActiveCfg = Debug|Any CPU
		{6CA56C49-55EC-4449-AD85-F1060A9DEDAD}.Debug|Any CPU.Build.0 = Debug|Any CPU
		{6CA56C49-55EC-4449-AD85-F1060A9DEDAD}.Debug|Mixed Platforms.ActiveCfg = Debug|Any CPU
		{6CA56C49-55EC-4449-AD85-F1060A9DEDAD}.Debug|Mixed Platforms.Build.0 = Debug|Any CPU
		{6CA56C49-55EC-4449-AD85-F1060A9DEDAD}.Debug|x86.ActiveCfg = Debug|Any CPU
		{6CA56C49-55EC-4449-AD85-F1060A9DEDAD}.Debug|x86.Build.0 = Debug|Any CPU
		{6CA56C49-55EC-4449-AD85-F1060A9DEDAD}.Release|Any CPU.ActiveCfg = Release|Any CPU
		{6CA56C49-55EC-4449-AD85-F1060A9DEDAD}.Release|Any CPU.Build.0 = Release|Any CPU
		{6CA56C49-55EC-4449-AD85-F1060A9DEDAD}.Release|Mixed Platforms.ActiveCfg = Release|Any CPU
		{6CA56C49-55EC-4449-AD85-F1060A9DEDAD}.Release|Mixed Platforms.Build.0 = Release|Any CPU
		{6CA56C49-55EC-4449-AD85-F1060A9DEDAD}.Release|x86.ActiveCfg = Release|Any CPU
		{6CA56C49-55EC-4449-AD85-F1060A9DEDAD}.Release|x86.Build.0 = Release|Any CPU
		{F13520E0-F16F-4FC9-B4BF-9D228777A1EE}.Debug|Any CPU.ActiveCfg = Debug|Any CPU
		{F13520E0-F16F-4FC9-B4BF-9D228777A1EE}.Debug|Any CPU.Build.0 = Debug|Any CPU
		{F13520E0-F16F-4FC9-B4BF-9D228777A1EE}.Debug|Mixed Platforms.ActiveCfg = Debug|Any CPU
		{F13520E0-F16F-4FC9-B4BF-9D228777A1EE}.Debug|Mixed Platforms.Build.0 = Debug|Any CPU
		{F13520E0-F16F-4FC9-B4BF-9D228777A1EE}.Debug|x86.ActiveCfg = Debug|Any CPU
		{F13520E0-F16F-4FC9-B4BF-9D228777A1EE}.Debug|x86.Build.0 = Debug|Any CPU
		{F13520E0-F16F-4FC9-B4BF-9D228777A1EE}.Release|Any CPU.ActiveCfg = Release|Any CPU
		{F13520E0-F16F-4FC9-B4BF-9D228777A1EE}.Release|Any CPU.Build.0 = Release|Any CPU
		{F13520E0-F16F-4FC9-B4BF-9D228777A1EE}.Release|Mixed Platforms.ActiveCfg = Release|Any CPU
		{F13520E0-F16F-4FC9-B4BF-9D228777A1EE}.Release|Mixed Platforms.Build.0 = Release|Any CPU
		{F13520E0-F16F-4FC9-B4BF-9D228777A1EE}.Release|x86.ActiveCfg = Release|Any CPU
		{F13520E0-F16F-4FC9-B4BF-9D228777A1EE}.Release|x86.Build.0 = Release|Any CPU
		{7E3059A1-6F27-4640-90F4-BF91C0B4E5C1}.Debug|Any CPU.ActiveCfg = Debug|Any CPU
		{7E3059A1-6F27-4640-90F4-BF91C0B4E5C1}.Debug|Any CPU.Build.0 = Debug|Any CPU
		{7E3059A1-6F27-4640-90F4-BF91C0B4E5C1}.Debug|Mixed Platforms.ActiveCfg = Debug|Any CPU
		{7E3059A1-6F27-4640-90F4-BF91C0B4E5C1}.Debug|Mixed Platforms.Build.0 = Debug|Any CPU
		{7E3059A1-6F27-4640-90F4-BF91C0B4E5C1}.Debug|x86.ActiveCfg = Debug|Any CPU
		{7E3059A1-6F27-4640-90F4-BF91C0B4E5C1}.Debug|x86.Build.0 = Debug|Any CPU
		{7E3059A1-6F27-4640-90F4-BF91C0B4E5C1}.Release|Any CPU.ActiveCfg = Release|Any CPU
		{7E3059A1-6F27-4640-90F4-BF91C0B4E5C1}.Release|Any CPU.Build.0 = Release|Any CPU
		{7E3059A1-6F27-4640-90F4-BF91C0B4E5C1}.Release|Mixed Platforms.ActiveCfg = Release|Any CPU
		{7E3059A1-6F27-4640-90F4-BF91C0B4E5C1}.Release|Mixed Platforms.Build.0 = Release|Any CPU
		{7E3059A1-6F27-4640-90F4-BF91C0B4E5C1}.Release|x86.ActiveCfg = Release|Any CPU
		{7E3059A1-6F27-4640-90F4-BF91C0B4E5C1}.Release|x86.Build.0 = Release|Any CPU
		{4854D0B2-55E3-46C6-803C-892F38ACBCD4}.Debug|Any CPU.ActiveCfg = Debug|Any CPU
		{4854D0B2-55E3-46C6-803C-892F38ACBCD4}.Debug|Any CPU.Build.0 = Debug|Any CPU
		{4854D0B2-55E3-46C6-803C-892F38ACBCD4}.Debug|Mixed Platforms.ActiveCfg = Debug|Any CPU
		{4854D0B2-55E3-46C6-803C-892F38ACBCD4}.Debug|Mixed Platforms.Build.0 = Debug|Any CPU
		{4854D0B2-55E3-46C6-803C-892F38ACBCD4}.Debug|x86.ActiveCfg = Debug|Any CPU
		{4854D0B2-55E3-46C6-803C-892F38ACBCD4}.Debug|x86.Build.0 = Debug|Any CPU
		{4854D0B2-55E3-46C6-803C-892F38ACBCD4}.Release|Any CPU.ActiveCfg = Release|Any CPU
		{4854D0B2-55E3-46C6-803C-892F38ACBCD4}.Release|Any CPU.Build.0 = Release|Any CPU
		{4854D0B2-55E3-46C6-803C-892F38ACBCD4}.Release|Mixed Platforms.ActiveCfg = Release|Any CPU
		{4854D0B2-55E3-46C6-803C-892F38ACBCD4}.Release|Mixed Platforms.Build.0 = Release|Any CPU
		{4854D0B2-55E3-46C6-803C-892F38ACBCD4}.Release|x86.ActiveCfg = Release|Any CPU
		{4854D0B2-55E3-46C6-803C-892F38ACBCD4}.Release|x86.Build.0 = Release|Any CPU
		{DE7D36A3-C311-490C-A16E-D29249F101A1}.Debug|Any CPU.ActiveCfg = Debug|Any CPU
		{DE7D36A3-C311-490C-A16E-D29249F101A1}.Debug|Any CPU.Build.0 = Debug|Any CPU
		{DE7D36A3-C311-490C-A16E-D29249F101A1}.Debug|Any CPU.Deploy.0 = Debug|Any CPU
		{DE7D36A3-C311-490C-A16E-D29249F101A1}.Debug|Mixed Platforms.ActiveCfg = Debug|Any CPU
		{DE7D36A3-C311-490C-A16E-D29249F101A1}.Debug|Mixed Platforms.Build.0 = Debug|Any CPU
		{DE7D36A3-C311-490C-A16E-D29249F101A1}.Debug|Mixed Platforms.Deploy.0 = Debug|Any CPU
		{DE7D36A3-C311-490C-A16E-D29249F101A1}.Debug|x86.ActiveCfg = Debug|Any CPU
		{DE7D36A3-C311-490C-A16E-D29249F101A1}.Debug|x86.Build.0 = Debug|Any CPU
		{DE7D36A3-C311-490C-A16E-D29249F101A1}.Debug|x86.Deploy.0 = Debug|Any CPU
		{DE7D36A3-C311-490C-A16E-D29249F101A1}.Release|Any CPU.ActiveCfg = Release|Any CPU
		{DE7D36A3-C311-490C-A16E-D29249F101A1}.Release|Any CPU.Build.0 = Release|Any CPU
		{DE7D36A3-C311-490C-A16E-D29249F101A1}.Release|Any CPU.Deploy.0 = Release|Any CPU
		{DE7D36A3-C311-490C-A16E-D29249F101A1}.Release|Mixed Platforms.ActiveCfg = Release|Any CPU
		{DE7D36A3-C311-490C-A16E-D29249F101A1}.Release|Mixed Platforms.Build.0 = Release|Any CPU
		{DE7D36A3-C311-490C-A16E-D29249F101A1}.Release|Mixed Platforms.Deploy.0 = Release|Any CPU
		{DE7D36A3-C311-490C-A16E-D29249F101A1}.Release|x86.ActiveCfg = Release|Any CPU
		{DE7D36A3-C311-490C-A16E-D29249F101A1}.Release|x86.Build.0 = Release|Any CPU
		{DE7D36A3-C311-490C-A16E-D29249F101A1}.Release|x86.Deploy.0 = Release|Any CPU
	EndGlobalSection
	GlobalSection(SolutionProperties) = preSolution
		HideSolutionNode = FALSE
	EndGlobalSection
	GlobalSection(ExtensibilityGlobals) = postSolution
		SolutionGuid = {98F84DD0-CC50-4CAE-8A9C-3B3CD40A34FB}
	EndGlobalSection
EndGlobal
